
Microsoft Visual Studio Solution File, Format Version 12.00
# Visual Studio Version 17
VisualStudioVersion = 17.4.33213.308
MinimumVisualStudioVersion = 10.0.40219.1
Project("{FAE04EC0-301F-11D3-BF4B-00C04F79EFBC}") = "Hora", "Hora.csproj", "{68CD2CA9-011A-4E24-B721-5E7D2A17E3D3}"
EndProject
Global
	GlobalSection(SolutionConfigurationPlatforms) = preSolution
		Debug|Any CPU = Debug|Any CPU
		Release|Any CPU = Release|Any CPU
	EndGlobalSection
	GlobalSection(ProjectConfigurationPlatforms) = postSolution
		{68CD2CA9-011A-4E24-B721-5E7D2A17E3D3}.Debug|Any CPU.ActiveCfg = Debug|Any CPU
		{68CD2CA9-011A-4E24-B721-5E7D2A17E3D3}.Debug|Any CPU.Build.0 = Debug|Any CPU
		{68CD2CA9-011A-4E24-B721-5E7D2A17E3D3}.Release|Any CPU.ActiveCfg = Release|Any CPU
		{68CD2CA9-011A-4E24-B721-5E7D2A17E3D3}.Release|Any CPU.Build.0 = Release|Any CPU
	EndGlobalSection
	GlobalSection(SolutionProperties) = preSolution
		HideSolutionNode = FALSE
	EndGlobalSection
	GlobalSection(ExtensibilityGlobals) = postSolution
		SolutionGuid = {B4C7DBF0-6F2F-48DD-BC74-BBEA8BC4C37F}
	EndGlobalSection
EndGlobal
